// !$*UTF8*$!
{
	archiveVersion = 1;
	classes = {
	};
	objectVersion = 48;
	objects = {

/* Begin PBXBuildFile section */
		117222BA20248AED004718F5 /* AppDelegate.swift in Sources */ = {isa = PBXBuildFile; fileRef = 117222B920248AED004718F5 /* AppDelegate.swift */; };
		117222BC20248AED004718F5 /* ViewController.swift in Sources */ = {isa = PBXBuildFile; fileRef = 117222BB20248AED004718F5 /* ViewController.swift */; };
		117222BF20248AED004718F5 /* Main.storyboard in Resources */ = {isa = PBXBuildFile; fileRef = 117222BD20248AED004718F5 /* Main.storyboard */; };
		117222C120248AED004718F5 /* Assets.xcassets in Resources */ = {isa = PBXBuildFile; fileRef = 117222C020248AED004718F5 /* Assets.xcassets */; };
		117222C420248AED004718F5 /* LaunchScreen.storyboard in Resources */ = {isa = PBXBuildFile; fileRef = 117222C220248AED004718F5 /* LaunchScreen.storyboard */; };
		117222CF20248AED004718F5 /* Degoo_Photo_EditorTests.swift in Sources */ = {isa = PBXBuildFile; fileRef = 117222CE20248AED004718F5 /* Degoo_Photo_EditorTests.swift */; };
		117222DA20248AED004718F5 /* Degoo_Photo_EditorUITests.swift in Sources */ = {isa = PBXBuildFile; fileRef = 117222D920248AED004718F5 /* Degoo_Photo_EditorUITests.swift */; };
		7A6005B331436C94AB3DB0F3 /* Pods_Degoo_Photo_Editor.framework in Frameworks */ = {isa = PBXBuildFile; fileRef = 14582E159E5CF73FDA5DE783 /* Pods_Degoo_Photo_Editor.framework */; };
		9DBE7A804420C8B1D47B517D /* Pods_Degoo_Photo_EditorUITests.framework in Frameworks */ = {isa = PBXBuildFile; fileRef = 5DE5281B5EFA67C498C7E6CF /* Pods_Degoo_Photo_EditorUITests.framework */; };
		F2186541C8FA5AAE43D2262E /* Pods_Degoo_Photo_EditorTests.framework in Frameworks */ = {isa = PBXBuildFile; fileRef = 8A8C213FDC8BC07CC104020F /* Pods_Degoo_Photo_EditorTests.framework */; };
/* End PBXBuildFile section */

/* Begin PBXContainerItemProxy section */
		117222CB20248AED004718F5 /* PBXContainerItemProxy */ = {
			isa = PBXContainerItemProxy;
			containerPortal = 117222AE20248AED004718F5 /* Project object */;
			proxyType = 1;
			remoteGlobalIDString = 117222B520248AED004718F5;
			remoteInfo = "Degoo Photo Editor";
		};
		117222D620248AED004718F5 /* PBXContainerItemProxy */ = {
			isa = PBXContainerItemProxy;
			containerPortal = 117222AE20248AED004718F5 /* Project object */;
			proxyType = 1;
			remoteGlobalIDString = 117222B520248AED004718F5;
			remoteInfo = "Degoo Photo Editor";
		};
/* End PBXContainerItemProxy section */

/* Begin PBXFileReference section */
		117222B620248AED004718F5 /* Degoo Photo Editor.app */ = {isa = PBXFileReference; explicitFileType = wrapper.application; includeInIndex = 0; path = "Degoo Photo Editor.app"; sourceTree = BUILT_PRODUCTS_DIR; };
		117222B920248AED004718F5 /* AppDelegate.swift */ = {isa = PBXFileReference; lastKnownFileType = sourcecode.swift; path = AppDelegate.swift; sourceTree = "<group>"; };
		117222BB20248AED004718F5 /* ViewController.swift */ = {isa = PBXFileReference; lastKnownFileType = sourcecode.swift; path = ViewController.swift; sourceTree = "<group>"; };
		117222BE20248AED004718F5 /* Base */ = {isa = PBXFileReference; lastKnownFileType = file.storyboard; name = Base; path = Base.lproj/Main.storyboard; sourceTree = "<group>"; };
		117222C020248AED004718F5 /* Assets.xcassets */ = {isa = PBXFileReference; lastKnownFileType = folder.assetcatalog; path = Assets.xcassets; sourceTree = "<group>"; };
		117222C320248AED004718F5 /* Base */ = {isa = PBXFileReference; lastKnownFileType = file.storyboard; name = Base; path = Base.lproj/LaunchScreen.storyboard; sourceTree = "<group>"; };
		117222C520248AED004718F5 /* Info.plist */ = {isa = PBXFileReference; lastKnownFileType = text.plist.xml; path = Info.plist; sourceTree = "<group>"; };
		117222CA20248AED004718F5 /* Degoo Photo EditorTests.xctest */ = {isa = PBXFileReference; explicitFileType = wrapper.cfbundle; includeInIndex = 0; path = "Degoo Photo EditorTests.xctest"; sourceTree = BUILT_PRODUCTS_DIR; };
		117222CE20248AED004718F5 /* Degoo_Photo_EditorTests.swift */ = {isa = PBXFileReference; lastKnownFileType = sourcecode.swift; path = Degoo_Photo_EditorTests.swift; sourceTree = "<group>"; };
		117222D020248AED004718F5 /* Info.plist */ = {isa = PBXFileReference; lastKnownFileType = text.plist.xml; path = Info.plist; sourceTree = "<group>"; };
		117222D520248AED004718F5 /* Degoo Photo EditorUITests.xctest */ = {isa = PBXFileReference; explicitFileType = wrapper.cfbundle; includeInIndex = 0; path = "Degoo Photo EditorUITests.xctest"; sourceTree = BUILT_PRODUCTS_DIR; };
		117222D920248AED004718F5 /* Degoo_Photo_EditorUITests.swift */ = {isa = PBXFileReference; lastKnownFileType = sourcecode.swift; path = Degoo_Photo_EditorUITests.swift; sourceTree = "<group>"; };
		117222DB20248AED004718F5 /* Info.plist */ = {isa = PBXFileReference; lastKnownFileType = text.plist.xml; path = Info.plist; sourceTree = "<group>"; };
		14582E159E5CF73FDA5DE783 /* Pods_Degoo_Photo_Editor.framework */ = {isa = PBXFileReference; explicitFileType = wrapper.framework; includeInIndex = 0; path = Pods_Degoo_Photo_Editor.framework; sourceTree = BUILT_PRODUCTS_DIR; };
		16D5604DE1FFADBF2F31D8B9 /* Pods-Degoo Photo EditorTests.debug.xcconfig */ = {isa = PBXFileReference; includeInIndex = 1; lastKnownFileType = text.xcconfig; name = "Pods-Degoo Photo EditorTests.debug.xcconfig"; path = "Pods/Target Support Files/Pods-Degoo Photo EditorTests/Pods-Degoo Photo EditorTests.debug.xcconfig"; sourceTree = "<group>"; };
		3A5F09150E5DB1C182BF8D02 /* Pods-Degoo Photo EditorUITests.debug.xcconfig */ = {isa = PBXFileReference; includeInIndex = 1; lastKnownFileType = text.xcconfig; name = "Pods-Degoo Photo EditorUITests.debug.xcconfig"; path = "Pods/Target Support Files/Pods-Degoo Photo EditorUITests/Pods-Degoo Photo EditorUITests.debug.xcconfig"; sourceTree = "<group>"; };
		48EB6CA2EE2A3A417DE7F15F /* Pods-Degoo Photo EditorTests.release.xcconfig */ = {isa = PBXFileReference; includeInIndex = 1; lastKnownFileType = text.xcconfig; name = "Pods-Degoo Photo EditorTests.release.xcconfig"; path = "Pods/Target Support Files/Pods-Degoo Photo EditorTests/Pods-Degoo Photo EditorTests.release.xcconfig"; sourceTree = "<group>"; };
		5DE5281B5EFA67C498C7E6CF /* Pods_Degoo_Photo_EditorUITests.framework */ = {isa = PBXFileReference; explicitFileType = wrapper.framework; includeInIndex = 0; path = Pods_Degoo_Photo_EditorUITests.framework; sourceTree = BUILT_PRODUCTS_DIR; };
		7C679E31DD49E414023B807F /* Pods-Degoo Photo EditorUITests.release.xcconfig */ = {isa = PBXFileReference; includeInIndex = 1; lastKnownFileType = text.xcconfig; name = "Pods-Degoo Photo EditorUITests.release.xcconfig"; path = "Pods/Target Support Files/Pods-Degoo Photo EditorUITests/Pods-Degoo Photo EditorUITests.release.xcconfig"; sourceTree = "<group>"; };
		8A8C213FDC8BC07CC104020F /* Pods_Degoo_Photo_EditorTests.framework */ = {isa = PBXFileReference; explicitFileType = wrapper.framework; includeInIndex = 0; path = Pods_Degoo_Photo_EditorTests.framework; sourceTree = BUILT_PRODUCTS_DIR; };
		B7ECB0F537459C49B2CDC56F /* Pods-Degoo Photo Editor.debug.xcconfig */ = {isa = PBXFileReference; includeInIndex = 1; lastKnownFileType = text.xcconfig; name = "Pods-Degoo Photo Editor.debug.xcconfig"; path = "Pods/Target Support Files/Pods-Degoo Photo Editor/Pods-Degoo Photo Editor.debug.xcconfig"; sourceTree = "<group>"; };
		F6DBA75D87C5C6ADDF5A17FB /* Pods-Degoo Photo Editor.release.xcconfig */ = {isa = PBXFileReference; includeInIndex = 1; lastKnownFileType = text.xcconfig; name = "Pods-Degoo Photo Editor.release.xcconfig"; path = "Pods/Target Support Files/Pods-Degoo Photo Editor/Pods-Degoo Photo Editor.release.xcconfig"; sourceTree = "<group>"; };
/* End PBXFileReference section */

/* Begin PBXFrameworksBuildPhase section */
		117222B320248AED004718F5 /* Frameworks */ = {
			isa = PBXFrameworksBuildPhase;
			buildActionMask = 2147483647;
			files = (
				7A6005B331436C94AB3DB0F3 /* Pods_Degoo_Photo_Editor.framework in Frameworks */,
			);
			runOnlyForDeploymentPostprocessing = 0;
		};
		117222C720248AED004718F5 /* Frameworks */ = {
			isa = PBXFrameworksBuildPhase;
			buildActionMask = 2147483647;
			files = (
				F2186541C8FA5AAE43D2262E /* Pods_Degoo_Photo_EditorTests.framework in Frameworks */,
			);
			runOnlyForDeploymentPostprocessing = 0;
		};
		117222D220248AED004718F5 /* Frameworks */ = {
			isa = PBXFrameworksBuildPhase;
			buildActionMask = 2147483647;
			files = (
				9DBE7A804420C8B1D47B517D /* Pods_Degoo_Photo_EditorUITests.framework in Frameworks */,
			);
			runOnlyForDeploymentPostprocessing = 0;
		};
/* End PBXFrameworksBuildPhase section */

/* Begin PBXGroup section */
		117222AD20248AED004718F5 = {
			isa = PBXGroup;
			children = (
				117222B820248AED004718F5 /* Degoo Photo Editor */,
				117222CD20248AED004718F5 /* Degoo Photo EditorTests */,
				117222D820248AED004718F5 /* Degoo Photo EditorUITests */,
				117222B720248AED004718F5 /* Products */,
				3BD3C39E1EBA20ADB61F5EA0 /* Pods */,
				23C6B0AD23E01EF9F83B4866 /* Frameworks */,
			);
			sourceTree = "<group>";
		};
		117222B720248AED004718F5 /* Products */ = {
			isa = PBXGroup;
			children = (
				117222B620248AED004718F5 /* Degoo Photo Editor.app */,
				117222CA20248AED004718F5 /* Degoo Photo EditorTests.xctest */,
				117222D520248AED004718F5 /* Degoo Photo EditorUITests.xctest */,
			);
			name = Products;
			sourceTree = "<group>";
		};
		117222B820248AED004718F5 /* Degoo Photo Editor */ = {
			isa = PBXGroup;
			children = (
				117222B920248AED004718F5 /* AppDelegate.swift */,
				117222BB20248AED004718F5 /* ViewController.swift */,
				117222BD20248AED004718F5 /* Main.storyboard */,
				117222C020248AED004718F5 /* Assets.xcassets */,
				117222C220248AED004718F5 /* LaunchScreen.storyboard */,
				117222C520248AED004718F5 /* Info.plist */,
			);
			path = "Degoo Photo Editor";
			sourceTree = "<group>";
		};
		117222CD20248AED004718F5 /* Degoo Photo EditorTests */ = {
			isa = PBXGroup;
			children = (
				117222CE20248AED004718F5 /* Degoo_Photo_EditorTests.swift */,
				117222D020248AED004718F5 /* Info.plist */,
			);
			path = "Degoo Photo EditorTests";
			sourceTree = "<group>";
		};
		117222D820248AED004718F5 /* Degoo Photo EditorUITests */ = {
			isa = PBXGroup;
			children = (
				117222D920248AED004718F5 /* Degoo_Photo_EditorUITests.swift */,
				117222DB20248AED004718F5 /* Info.plist */,
			);
			path = "Degoo Photo EditorUITests";
			sourceTree = "<group>";
		};
		23C6B0AD23E01EF9F83B4866 /* Frameworks */ = {
			isa = PBXGroup;
			children = (
				14582E159E5CF73FDA5DE783 /* Pods_Degoo_Photo_Editor.framework */,
				8A8C213FDC8BC07CC104020F /* Pods_Degoo_Photo_EditorTests.framework */,
				5DE5281B5EFA67C498C7E6CF /* Pods_Degoo_Photo_EditorUITests.framework */,
			);
			name = Frameworks;
			sourceTree = "<group>";
		};
		3BD3C39E1EBA20ADB61F5EA0 /* Pods */ = {
			isa = PBXGroup;
			children = (
				B7ECB0F537459C49B2CDC56F /* Pods-Degoo Photo Editor.debug.xcconfig */,
				F6DBA75D87C5C6ADDF5A17FB /* Pods-Degoo Photo Editor.release.xcconfig */,
				16D5604DE1FFADBF2F31D8B9 /* Pods-Degoo Photo EditorTests.debug.xcconfig */,
				48EB6CA2EE2A3A417DE7F15F /* Pods-Degoo Photo EditorTests.release.xcconfig */,
				3A5F09150E5DB1C182BF8D02 /* Pods-Degoo Photo EditorUITests.debug.xcconfig */,
				7C679E31DD49E414023B807F /* Pods-Degoo Photo EditorUITests.release.xcconfig */,
			);
			name = Pods;
			sourceTree = "<group>";
		};
/* End PBXGroup section */

/* Begin PBXNativeTarget section */
		117222B520248AED004718F5 /* Degoo Photo Editor */ = {
			isa = PBXNativeTarget;
			buildConfigurationList = 117222DE20248AED004718F5 /* Build configuration list for PBXNativeTarget "Degoo Photo Editor" */;
			buildPhases = (
				434C692111082C7A8738E889 /* [CP] Check Pods Manifest.lock */,
				117222B220248AED004718F5 /* Sources */,
				117222B320248AED004718F5 /* Frameworks */,
				117222B420248AED004718F5 /* Resources */,
				C495BFE40050036D769699E1 /* [CP] Embed Pods Frameworks */,
				7EFD00366EA92CB1F0161FD9 /* [CP] Copy Pods Resources */,
			);
			buildRules = (
			);
			dependencies = (
			);
			name = "Degoo Photo Editor";
			productName = "Degoo Photo Editor";
			productReference = 117222B620248AED004718F5 /* Degoo Photo Editor.app */;
			productType = "com.apple.product-type.application";
		};
		117222C920248AED004718F5 /* Degoo Photo EditorTests */ = {
			isa = PBXNativeTarget;
			buildConfigurationList = 117222E120248AED004718F5 /* Build configuration list for PBXNativeTarget "Degoo Photo EditorTests" */;
			buildPhases = (
				C7147140137AEFDBDBFF987C /* [CP] Check Pods Manifest.lock */,
				117222C620248AED004718F5 /* Sources */,
				117222C720248AED004718F5 /* Frameworks */,
				117222C820248AED004718F5 /* Resources */,
				6F11692F0F64964844A17BA9 /* [CP] Embed Pods Frameworks */,
				D52DE6751F0EE5C6DF0D6E57 /* [CP] Copy Pods Resources */,
			);
			buildRules = (
			);
			dependencies = (
				117222CC20248AED004718F5 /* PBXTargetDependency */,
			);
			name = "Degoo Photo EditorTests";
			productName = "Degoo Photo EditorTests";
			productReference = 117222CA20248AED004718F5 /* Degoo Photo EditorTests.xctest */;
			productType = "com.apple.product-type.bundle.unit-test";
		};
		117222D420248AED004718F5 /* Degoo Photo EditorUITests */ = {
			isa = PBXNativeTarget;
			buildConfigurationList = 117222E420248AED004718F5 /* Build configuration list for PBXNativeTarget "Degoo Photo EditorUITests" */;
			buildPhases = (
				543AC7F9353EBEB6C5E709C2 /* [CP] Check Pods Manifest.lock */,
				117222D120248AED004718F5 /* Sources */,
				117222D220248AED004718F5 /* Frameworks */,
				117222D320248AED004718F5 /* Resources */,
				22862D94C8B817AAB8164E2B /* [CP] Embed Pods Frameworks */,
				3DBD6B04DA9667FA0492C288 /* [CP] Copy Pods Resources */,
			);
			buildRules = (
			);
			dependencies = (
				117222D720248AED004718F5 /* PBXTargetDependency */,
			);
			name = "Degoo Photo EditorUITests";
			productName = "Degoo Photo EditorUITests";
			productReference = 117222D520248AED004718F5 /* Degoo Photo EditorUITests.xctest */;
			productType = "com.apple.product-type.bundle.ui-testing";
		};
/* End PBXNativeTarget section */

/* Begin PBXProject section */
		117222AE20248AED004718F5 /* Project object */ = {
			isa = PBXProject;
			attributes = {
				LastSwiftUpdateCheck = 0920;
				LastUpgradeCheck = 0920;
				ORGANIZATIONNAME = "Jovito Royeca";
				TargetAttributes = {
					117222B520248AED004718F5 = {
						CreatedOnToolsVersion = 9.2;
						ProvisioningStyle = Automatic;
					};
					117222C920248AED004718F5 = {
						CreatedOnToolsVersion = 9.2;
						ProvisioningStyle = Automatic;
						TestTargetID = 117222B520248AED004718F5;
					};
					117222D420248AED004718F5 = {
						CreatedOnToolsVersion = 9.2;
						ProvisioningStyle = Automatic;
						TestTargetID = 117222B520248AED004718F5;
					};
				};
			};
			buildConfigurationList = 117222B120248AED004718F5 /* Build configuration list for PBXProject "Degoo Photo Editor" */;
			compatibilityVersion = "Xcode 8.0";
			developmentRegion = en;
			hasScannedForEncodings = 0;
			knownRegions = (
				en,
				Base,
			);
			mainGroup = 117222AD20248AED004718F5;
			productRefGroup = 117222B720248AED004718F5 /* Products */;
			projectDirPath = "";
			projectRoot = "";
			targets = (
				117222B520248AED004718F5 /* Degoo Photo Editor */,
				117222C920248AED004718F5 /* Degoo Photo EditorTests */,
				117222D420248AED004718F5 /* Degoo Photo EditorUITests */,
			);
		};
/* End PBXProject section */

/* Begin PBXResourcesBuildPhase section */
		117222B420248AED004718F5 /* Resources */ = {
			isa = PBXResourcesBuildPhase;
			buildActionMask = 2147483647;
			files = (
				117222C420248AED004718F5 /* LaunchScreen.storyboard in Resources */,
				117222C120248AED004718F5 /* Assets.xcassets in Resources */,
				117222BF20248AED004718F5 /* Main.storyboard in Resources */,
			);
			runOnlyForDeploymentPostprocessing = 0;
		};
		117222C820248AED004718F5 /* Resources */ = {
			isa = PBXResourcesBuildPhase;
			buildActionMask = 2147483647;
			files = (
			);
			runOnlyForDeploymentPostprocessing = 0;
		};
		117222D320248AED004718F5 /* Resources */ = {
			isa = PBXResourcesBuildPhase;
			buildActionMask = 2147483647;
			files = (
			);
			runOnlyForDeploymentPostprocessing = 0;
		};
/* End PBXResourcesBuildPhase section */

/* Begin PBXShellScriptBuildPhase section */
		22862D94C8B817AAB8164E2B /* [CP] Embed Pods Frameworks */ = {
			isa = PBXShellScriptBuildPhase;
			buildActionMask = 2147483647;
			files = (
			);
			inputPaths = (
				"${SRCROOT}/Pods/Target Support Files/Pods-Degoo Photo EditorUITests/Pods-Degoo Photo EditorUITests-frameworks.sh",
				"${PODS_ROOT}/PhotoEditorSDK/pesdk-ios-build-8.2.3/PhotoEditorSDK.framework",
				"${PODS_ROOT}/PhotoEditorSDK/pesdk-ios-build-8.2.3/PhotoEditorSDK.framework.dSYM",
			);
			name = "[CP] Embed Pods Frameworks";
			outputPaths = (
				"${TARGET_BUILD_DIR}/${FRAMEWORKS_FOLDER_PATH}/PhotoEditorSDK.framework",
				"${DWARF_DSYM_FOLDER_PATH}/PhotoEditorSDK.framework.dSYM",
			);
			runOnlyForDeploymentPostprocessing = 0;
			shellPath = /bin/sh;
			shellScript = "\"${SRCROOT}/Pods/Target Support Files/Pods-Degoo Photo EditorUITests/Pods-Degoo Photo EditorUITests-frameworks.sh\"\n";
			showEnvVarsInLog = 0;
		};
		3DBD6B04DA9667FA0492C288 /* [CP] Copy Pods Resources */ = {
			isa = PBXShellScriptBuildPhase;
			buildActionMask = 2147483647;
			files = (
			);
			inputPaths = (
			);
			name = "[CP] Copy Pods Resources";
			outputPaths = (
			);
			runOnlyForDeploymentPostprocessing = 0;
			shellPath = /bin/sh;
			shellScript = "\"${SRCROOT}/Pods/Target Support Files/Pods-Degoo Photo EditorUITests/Pods-Degoo Photo EditorUITests-resources.sh\"\n";
			showEnvVarsInLog = 0;
		};
		434C692111082C7A8738E889 /* [CP] Check Pods Manifest.lock */ = {
			isa = PBXShellScriptBuildPhase;
			buildActionMask = 2147483647;
			files = (
			);
			inputPaths = (
				"${PODS_PODFILE_DIR_PATH}/Podfile.lock",
				"${PODS_ROOT}/Manifest.lock",
			);
			name = "[CP] Check Pods Manifest.lock";
			outputPaths = (
				"$(DERIVED_FILE_DIR)/Pods-Degoo Photo Editor-checkManifestLockResult.txt",
			);
			runOnlyForDeploymentPostprocessing = 0;
			shellPath = /bin/sh;
			shellScript = "diff \"${PODS_PODFILE_DIR_PATH}/Podfile.lock\" \"${PODS_ROOT}/Manifest.lock\" > /dev/null\nif [ $? != 0 ] ; then\n    # print error to STDERR\n    echo \"error: The sandbox is not in sync with the Podfile.lock. Run 'pod install' or update your CocoaPods installation.\" >&2\n    exit 1\nfi\n# This output is used by Xcode 'outputs' to avoid re-running this script phase.\necho \"SUCCESS\" > \"${SCRIPT_OUTPUT_FILE_0}\"\n";
			showEnvVarsInLog = 0;
		};
		543AC7F9353EBEB6C5E709C2 /* [CP] Check Pods Manifest.lock */ = {
			isa = PBXShellScriptBuildPhase;
			buildActionMask = 2147483647;
			files = (
			);
			inputPaths = (
				"${PODS_PODFILE_DIR_PATH}/Podfile.lock",
				"${PODS_ROOT}/Manifest.lock",
			);
			name = "[CP] Check Pods Manifest.lock";
			outputPaths = (
				"$(DERIVED_FILE_DIR)/Pods-Degoo Photo EditorUITests-checkManifestLockResult.txt",
			);
			runOnlyForDeploymentPostprocessing = 0;
			shellPath = /bin/sh;
			shellScript = "diff \"${PODS_PODFILE_DIR_PATH}/Podfile.lock\" \"${PODS_ROOT}/Manifest.lock\" > /dev/null\nif [ $? != 0 ] ; then\n    # print error to STDERR\n    echo \"error: The sandbox is not in sync with the Podfile.lock. Run 'pod install' or update your CocoaPods installation.\" >&2\n    exit 1\nfi\n# This output is used by Xcode 'outputs' to avoid re-running this script phase.\necho \"SUCCESS\" > \"${SCRIPT_OUTPUT_FILE_0}\"\n";
			showEnvVarsInLog = 0;
		};
		6F11692F0F64964844A17BA9 /* [CP] Embed Pods Frameworks */ = {
			isa = PBXShellScriptBuildPhase;
			buildActionMask = 2147483647;
			files = (
			);
			inputPaths = (
				"${SRCROOT}/Pods/Target Support Files/Pods-Degoo Photo EditorTests/Pods-Degoo Photo EditorTests-frameworks.sh",
				"${PODS_ROOT}/PhotoEditorSDK/pesdk-ios-build-8.2.3/PhotoEditorSDK.framework",
				"${PODS_ROOT}/PhotoEditorSDK/pesdk-ios-build-8.2.3/PhotoEditorSDK.framework.dSYM",
			);
			name = "[CP] Embed Pods Frameworks";
			outputPaths = (
				"${TARGET_BUILD_DIR}/${FRAMEWORKS_FOLDER_PATH}/PhotoEditorSDK.framework",
				"${DWARF_DSYM_FOLDER_PATH}/PhotoEditorSDK.framework.dSYM",
			);
			runOnlyForDeploymentPostprocessing = 0;
			shellPath = /bin/sh;
			shellScript = "\"${SRCROOT}/Pods/Target Support Files/Pods-Degoo Photo EditorTests/Pods-Degoo Photo EditorTests-frameworks.sh\"\n";
			showEnvVarsInLog = 0;
		};
		7EFD00366EA92CB1F0161FD9 /* [CP] Copy Pods Resources */ = {
			isa = PBXShellScriptBuildPhase;
			buildActionMask = 2147483647;
			files = (
			);
			inputPaths = (
			);
			name = "[CP] Copy Pods Resources";
			outputPaths = (
			);
			runOnlyForDeploymentPostprocessing = 0;
			shellPath = /bin/sh;
			shellScript = "\"${SRCROOT}/Pods/Target Support Files/Pods-Degoo Photo Editor/Pods-Degoo Photo Editor-resources.sh\"\n";
			showEnvVarsInLog = 0;
		};
		C495BFE40050036D769699E1 /* [CP] Embed Pods Frameworks */ = {
			isa = PBXShellScriptBuildPhase;
			buildActionMask = 2147483647;
			files = (
			);
			inputPaths = (
				"${SRCROOT}/Pods/Target Support Files/Pods-Degoo Photo Editor/Pods-Degoo Photo Editor-frameworks.sh",
				"${PODS_ROOT}/PhotoEditorSDK/pesdk-ios-build-8.2.3/PhotoEditorSDK.framework",
				"${PODS_ROOT}/PhotoEditorSDK/pesdk-ios-build-8.2.3/PhotoEditorSDK.framework.dSYM",
			);
			name = "[CP] Embed Pods Frameworks";
			outputPaths = (
				"${TARGET_BUILD_DIR}/${FRAMEWORKS_FOLDER_PATH}/PhotoEditorSDK.framework",
				"${DWARF_DSYM_FOLDER_PATH}/PhotoEditorSDK.framework.dSYM",
			);
			runOnlyForDeploymentPostprocessing = 0;
			shellPath = /bin/sh;
			shellScript = "\"${SRCROOT}/Pods/Target Support Files/Pods-Degoo Photo Editor/Pods-Degoo Photo Editor-frameworks.sh\"\n";
			showEnvVarsInLog = 0;
		};
		C7147140137AEFDBDBFF987C /* [CP] Check Pods Manifest.lock */ = {
			isa = PBXShellScriptBuildPhase;
			buildActionMask = 2147483647;
			files = (
			);
			inputPaths = (
				"${PODS_PODFILE_DIR_PATH}/Podfile.lock",
				"${PODS_ROOT}/Manifest.lock",
			);
			name = "[CP] Check Pods Manifest.lock";
			outputPaths = (
				"$(DERIVED_FILE_DIR)/Pods-Degoo Photo EditorTests-checkManifestLockResult.txt",
			);
			runOnlyForDeploymentPostprocessing = 0;
			shellPath = /bin/sh;
			shellScript = "diff \"${PODS_PODFILE_DIR_PATH}/Podfile.lock\" \"${PODS_ROOT}/Manifest.lock\" > /dev/null\nif [ $? != 0 ] ; then\n    # print error to STDERR\n    echo \"error: The sandbox is not in sync with the Podfile.lock. Run 'pod install' or update your CocoaPods installation.\" >&2\n    exit 1\nfi\n# This output is used by Xcode 'outputs' to avoid re-running this script phase.\necho \"SUCCESS\" > \"${SCRIPT_OUTPUT_FILE_0}\"\n";
			showEnvVarsInLog = 0;
		};
		D52DE6751F0EE5C6DF0D6E57 /* [CP] Copy Pods Resources */ = {
			isa = PBXShellScriptBuildPhase;
			buildActionMask = 2147483647;
			files = (
			);
			inputPaths = (
			);
			name = "[CP] Copy Pods Resources";
			outputPaths = (
			);
			runOnlyForDeploymentPostprocessing = 0;
			shellPath = /bin/sh;
			shellScript = "\"${SRCROOT}/Pods/Target Support Files/Pods-Degoo Photo EditorTests/Pods-Degoo Photo EditorTests-resources.sh\"\n";
			showEnvVarsInLog = 0;
		};
/* End PBXShellScriptBuildPhase section */

/* Begin PBXSourcesBuildPhase section */
		117222B220248AED004718F5 /* Sources */ = {
			isa = PBXSourcesBuildPhase;
			buildActionMask = 2147483647;
			files = (
				117222BC20248AED004718F5 /* ViewController.swift in Sources */,
				117222BA20248AED004718F5 /* AppDelegate.swift in Sources */,
			);
			runOnlyForDeploymentPostprocessing = 0;
		};
		117222C620248AED004718F5 /* Sources */ = {
			isa = PBXSourcesBuildPhase;
			buildActionMask = 2147483647;
			files = (
				117222CF20248AED004718F5 /* Degoo_Photo_EditorTests.swift in Sources */,
			);
			runOnlyForDeploymentPostprocessing = 0;
		};
		117222D120248AED004718F5 /* Sources */ = {
			isa = PBXSourcesBuildPhase;
			buildActionMask = 2147483647;
			files = (
				117222DA20248AED004718F5 /* Degoo_Photo_EditorUITests.swift in Sources */,
			);
			runOnlyForDeploymentPostprocessing = 0;
		};
/* End PBXSourcesBuildPhase section */

/* Begin PBXTargetDependency section */
		117222CC20248AED004718F5 /* PBXTargetDependency */ = {
			isa = PBXTargetDependency;
			target = 117222B520248AED004718F5 /* Degoo Photo Editor */;
			targetProxy = 117222CB20248AED004718F5 /* PBXContainerItemProxy */;
		};
		117222D720248AED004718F5 /* PBXTargetDependency */ = {
			isa = PBXTargetDependency;
			target = 117222B520248AED004718F5 /* Degoo Photo Editor */;
			targetProxy = 117222D620248AED004718F5 /* PBXContainerItemProxy */;
		};
/* End PBXTargetDependency section */

/* Begin PBXVariantGroup section */
		117222BD20248AED004718F5 /* Main.storyboard */ = {
			isa = PBXVariantGroup;
			children = (
				117222BE20248AED004718F5 /* Base */,
			);
			name = Main.storyboard;
			sourceTree = "<group>";
		};
		117222C220248AED004718F5 /* LaunchScreen.storyboard */ = {
			isa = PBXVariantGroup;
			children = (
				117222C320248AED004718F5 /* Base */,
			);
			name = LaunchScreen.storyboard;
			sourceTree = "<group>";
		};
/* End PBXVariantGroup section */

/* Begin XCBuildConfiguration section */
		117222DC20248AED004718F5 /* Debug */ = {
			isa = XCBuildConfiguration;
			buildSettings = {
				ALWAYS_SEARCH_USER_PATHS = NO;
				CLANG_ANALYZER_NONNULL = YES;
				CLANG_ANALYZER_NUMBER_OBJECT_CONVERSION = YES_AGGRESSIVE;
				CLANG_CXX_LANGUAGE_STANDARD = "gnu++14";
				CLANG_CXX_LIBRARY = "libc++";
				CLANG_ENABLE_MODULES = YES;
				CLANG_ENABLE_OBJC_ARC = YES;
				CLANG_WARN_BLOCK_CAPTURE_AUTORELEASING = YES;
				CLANG_WARN_BOOL_CONVERSION = YES;
				CLANG_WARN_COMMA = YES;
				CLANG_WARN_CONSTANT_CONVERSION = YES;
				CLANG_WARN_DIRECT_OBJC_ISA_USAGE = YES_ERROR;
				CLANG_WARN_DOCUMENTATION_COMMENTS = YES;
				CLANG_WARN_EMPTY_BODY = YES;
				CLANG_WARN_ENUM_CONVERSION = YES;
				CLANG_WARN_INFINITE_RECURSION = YES;
				CLANG_WARN_INT_CONVERSION = YES;
				CLANG_WARN_NON_LITERAL_NULL_CONVERSION = YES;
				CLANG_WARN_OBJC_LITERAL_CONVERSION = YES;
				CLANG_WARN_OBJC_ROOT_CLASS = YES_ERROR;
				CLANG_WARN_RANGE_LOOP_ANALYSIS = YES;
				CLANG_WARN_STRICT_PROTOTYPES = YES;
				CLANG_WARN_SUSPICIOUS_MOVE = YES;
				CLANG_WARN_UNGUARDED_AVAILABILITY = YES_AGGRESSIVE;
				CLANG_WARN_UNREACHABLE_CODE = YES;
				CLANG_WARN__DUPLICATE_METHOD_MATCH = YES;
				CODE_SIGN_IDENTITY = "iPhone Developer";
				COPY_PHASE_STRIP = NO;
				DEBUG_INFORMATION_FORMAT = dwarf;
				ENABLE_STRICT_OBJC_MSGSEND = YES;
				ENABLE_TESTABILITY = YES;
				GCC_C_LANGUAGE_STANDARD = gnu11;
				GCC_DYNAMIC_NO_PIC = NO;
				GCC_NO_COMMON_BLOCKS = YES;
				GCC_OPTIMIZATION_LEVEL = 0;
				GCC_PREPROCESSOR_DEFINITIONS = (
					"DEBUG=1",
					"$(inherited)",
				);
				GCC_WARN_64_TO_32_BIT_CONVERSION = YES;
				GCC_WARN_ABOUT_RETURN_TYPE = YES_ERROR;
				GCC_WARN_UNDECLARED_SELECTOR = YES;
				GCC_WARN_UNINITIALIZED_AUTOS = YES_AGGRESSIVE;
				GCC_WARN_UNUSED_FUNCTION = YES;
				GCC_WARN_UNUSED_VARIABLE = YES;
				IPHONEOS_DEPLOYMENT_TARGET = 11.2;
				MTL_ENABLE_DEBUG_INFO = YES;
				ONLY_ACTIVE_ARCH = YES;
				SDKROOT = iphoneos;
				SWIFT_ACTIVE_COMPILATION_CONDITIONS = DEBUG;
				SWIFT_OPTIMIZATION_LEVEL = "-Onone";
			};
			name = Debug;
		};
		117222DD20248AED004718F5 /* Release */ = {
			isa = XCBuildConfiguration;
			buildSettings = {
				ALWAYS_SEARCH_USER_PATHS = NO;
				CLANG_ANALYZER_NONNULL = YES;
				CLANG_ANALYZER_NUMBER_OBJECT_CONVERSION = YES_AGGRESSIVE;
				CLANG_CXX_LANGUAGE_STANDARD = "gnu++14";
				CLANG_CXX_LIBRARY = "libc++";
				CLANG_ENABLE_MODULES = YES;
				CLANG_ENABLE_OBJC_ARC = YES;
				CLANG_WARN_BLOCK_CAPTURE_AUTORELEASING = YES;
				CLANG_WARN_BOOL_CONVERSION = YES;
				CLANG_WARN_COMMA = YES;
				CLANG_WARN_CONSTANT_CONVERSION = YES;
				CLANG_WARN_DIRECT_OBJC_ISA_USAGE = YES_ERROR;
				CLANG_WARN_DOCUMENTATION_COMMENTS = YES;
				CLANG_WARN_EMPTY_BODY = YES;
				CLANG_WARN_ENUM_CONVERSION = YES;
				CLANG_WARN_INFINITE_RECURSION = YES;
				CLANG_WARN_INT_CONVERSION = YES;
				CLANG_WARN_NON_LITERAL_NULL_CONVERSION = YES;
				CLANG_WARN_OBJC_LITERAL_CONVERSION = YES;
				CLANG_WARN_OBJC_ROOT_CLASS = YES_ERROR;
				CLANG_WARN_RANGE_LOOP_ANALYSIS = YES;
				CLANG_WARN_STRICT_PROTOTYPES = YES;
				CLANG_WARN_SUSPICIOUS_MOVE = YES;
				CLANG_WARN_UNGUARDED_AVAILABILITY = YES_AGGRESSIVE;
				CLANG_WARN_UNREACHABLE_CODE = YES;
				CLANG_WARN__DUPLICATE_METHOD_MATCH = YES;
				CODE_SIGN_IDENTITY = "iPhone Developer";
				COPY_PHASE_STRIP = NO;
				DEBUG_INFORMATION_FORMAT = "dwarf-with-dsym";
				ENABLE_NS_ASSERTIONS = NO;
				ENABLE_STRICT_OBJC_MSGSEND = YES;
				GCC_C_LANGUAGE_STANDARD = gnu11;
				GCC_NO_COMMON_BLOCKS = YES;
				GCC_WARN_64_TO_32_BIT_CONVERSION = YES;
				GCC_WARN_ABOUT_RETURN_TYPE = YES_ERROR;
				GCC_WARN_UNDECLARED_SELECTOR = YES;
				GCC_WARN_UNINITIALIZED_AUTOS = YES_AGGRESSIVE;
				GCC_WARN_UNUSED_FUNCTION = YES;
				GCC_WARN_UNUSED_VARIABLE = YES;
				IPHONEOS_DEPLOYMENT_TARGET = 11.2;
				MTL_ENABLE_DEBUG_INFO = NO;
				SDKROOT = iphoneos;
				SWIFT_OPTIMIZATION_LEVEL = "-Owholemodule";
				VALIDATE_PRODUCT = YES;
			};
			name = Release;
		};
		117222DF20248AED004718F5 /* Debug */ = {
			isa = XCBuildConfiguration;
			baseConfigurationReference = B7ECB0F537459C49B2CDC56F /* Pods-Degoo Photo Editor.debug.xcconfig */;
			buildSettings = {
				ASSETCATALOG_COMPILER_APPICON_NAME = AppIcon;
				CODE_SIGN_STYLE = Automatic;
				INFOPLIST_FILE = "Degoo Photo Editor/Info.plist";
				LD_RUNPATH_SEARCH_PATHS = "$(inherited) @executable_path/Frameworks";
				PRODUCT_BUNDLE_IDENTIFIER = "com.jovitoroyeca.Degoo-Photo-Editor";
				PRODUCT_NAME = "$(TARGET_NAME)";
				SWIFT_VERSION = 4.0;
				TARGETED_DEVICE_FAMILY = "1,2";
			};
			name = Debug;
		};
		117222E020248AED004718F5 /* Release */ = {
			isa = XCBuildConfiguration;
			baseConfigurationReference = F6DBA75D87C5C6ADDF5A17FB /* Pods-Degoo Photo Editor.release.xcconfig */;
			buildSettings = {
				ASSETCATALOG_COMPILER_APPICON_NAME = AppIcon;
				CODE_SIGN_STYLE = Automatic;
				INFOPLIST_FILE = "Degoo Photo Editor/Info.plist";
				LD_RUNPATH_SEARCH_PATHS = "$(inherited) @executable_path/Frameworks";
				PRODUCT_BUNDLE_IDENTIFIER = "com.jovitoroyeca.Degoo-Photo-Editor";
				PRODUCT_NAME = "$(TARGET_NAME)";
				SWIFT_VERSION = 4.0;
				TARGETED_DEVICE_FAMILY = "1,2";
			};
			name = Release;
		};
		117222E220248AED004718F5 /* Debug */ = {
			isa = XCBuildConfiguration;
			baseConfigurationReference = 16D5604DE1FFADBF2F31D8B9 /* Pods-Degoo Photo EditorTests.debug.xcconfig */;
			buildSettings = {
				ALWAYS_EMBED_SWIFT_STANDARD_LIBRARIES = YES;
				BUNDLE_LOADER = "$(TEST_HOST)";
				CODE_SIGN_STYLE = Automatic;
				INFOPLIST_FILE = "Degoo Photo EditorTests/Info.plist";
				LD_RUNPATH_SEARCH_PATHS = "$(inherited) @executable_path/Frameworks @loader_path/Frameworks";
				PRODUCT_BUNDLE_IDENTIFIER = "com.jovitoroyeca.Degoo-Photo-EditorTests";
				PRODUCT_NAME = "$(TARGET_NAME)";
				SWIFT_VERSION = 4.0;
				TARGETED_DEVICE_FAMILY = "1,2";
				TEST_HOST = "$(BUILT_PRODUCTS_DIR)/Degoo Photo Editor.app/Degoo Photo Editor";
			};
			name = Debug;
		};
		117222E320248AED004718F5 /* Release */ = {
			isa = XCBuildConfiguration;
			baseConfigurationReference = 48EB6CA2EE2A3A417DE7F15F /* Pods-Degoo Photo EditorTests.release.xcconfig */;
			buildSettings = {
				ALWAYS_EMBED_SWIFT_STANDARD_LIBRARIES = YES;
				BUNDLE_LOADER = "$(TEST_HOST)";
				CODE_SIGN_STYLE = Automatic;
				INFOPLIST_FILE = "Degoo Photo EditorTests/Info.plist";
				LD_RUNPATH_SEARCH_PATHS = "$(inherited) @executable_path/Frameworks @loader_path/Frameworks";
				PRODUCT_BUNDLE_IDENTIFIER = "com.jovitoroyeca.Degoo-Photo-EditorTests";
				PRODUCT_NAME = "$(TARGET_NAME)";
				SWIFT_VERSION = 4.0;
				TARGETED_DEVICE_FAMILY = "1,2";
				TEST_HOST = "$(BUILT_PRODUCTS_DIR)/Degoo Photo Editor.app/Degoo Photo Editor";
			};
			name = Release;
		};
		117222E520248AED004718F5 /* Debug */ = {
			isa = XCBuildConfiguration;
			baseConfigurationReference = 3A5F09150E5DB1C182BF8D02 /* Pods-Degoo Photo EditorUITests.debug.xcconfig */;
			buildSettings = {
				ALWAYS_EMBED_SWIFT_STANDARD_LIBRARIES = YES;
				CODE_SIGN_STYLE = Automatic;
				INFOPLIST_FILE = "Degoo Photo EditorUITests/Info.plist";
				LD_RUNPATH_SEARCH_PATHS = "$(inherited) @executable_path/Frameworks @loader_path/Frameworks";
				PRODUCT_BUNDLE_IDENTIFIER = "com.jovitoroyeca.Degoo-Photo-EditorUITests";
				PRODUCT_NAME = "$(TARGET_NAME)";
				SWIFT_VERSION = 4.0;
				TARGETED_DEVICE_FAMILY = "1,2";
				TEST_TARGET_NAME = "Degoo Photo Editor";
			};
			name = Debug;
		};
		117222E620248AED004718F5 /* Release */ = {
			isa = XCBuildConfiguration;
			baseConfigurationReference = 7C679E31DD49E414023B807F /* Pods-Degoo Photo EditorUITests.release.xcconfig */;
			buildSettings = {
				ALWAYS_EMBED_SWIFT_STANDARD_LIBRARIES = YES;
				CODE_SIGN_STYLE = Automatic;
				INFOPLIST_FILE = "Degoo Photo EditorUITests/Info.plist";
				LD_RUNPATH_SEARCH_PATHS = "$(inherited) @executable_path/Frameworks @loader_path/Frameworks";
				PRODUCT_BUNDLE_IDENTIFIER = "com.jovitoroyeca.Degoo-Photo-EditorUITests";
				PRODUCT_NAME = "$(TARGET_NAME)";
				SWIFT_VERSION = 4.0;
				TARGETED_DEVICE_FAMILY = "1,2";
				TEST_TARGET_NAME = "Degoo Photo Editor";
			};
			name = Release;
		};
/* End XCBuildConfiguration section */

/* Begin XCConfigurationList section */
		117222B120248AED004718F5 /* Build configuration list for PBXProject "Degoo Photo Editor" */ = {
			isa = XCConfigurationList;
			buildConfigurations = (
				117222DC20248AED004718F5 /* Debug */,
				117222DD20248AED004718F5 /* Release */,
			);
			defaultConfigurationIsVisible = 0;
			defaultConfigurationName = Release;
		};
		117222DE20248AED004718F5 /* Build configuration list for PBXNativeTarget "Degoo Photo Editor" */ = {
			isa = XCConfigurationList;
			buildConfigurations = (
				117222DF20248AED004718F5 /* Debug */,
				117222E020248AED004718F5 /* Release */,
			);
			defaultConfigurationIsVisible = 0;
			defaultConfigurationName = Release;
		};
		117222E120248AED004718F5 /* Build configuration list for PBXNativeTarget "Degoo Photo EditorTests" */ = {
			isa = XCConfigurationList;
			buildConfigurations = (
				117222E220248AED004718F5 /* Debug */,
				117222E320248AED004718F5 /* Release */,
			);
			defaultConfigurationIsVisible = 0;
			defaultConfigurationName = Release;
		};
		117222E420248AED004718F5 /* Build configuration list for PBXNativeTarget "Degoo Photo EditorUITests" */ = {
			isa = XCConfigurationList;
			buildConfigurations = (
				117222E520248AED004718F5 /* Debug */,
				117222E620248AED004718F5 /* Release */,
			);
			defaultConfigurationIsVisible = 0;
			defaultConfigurationName = Release;
		};
/* End XCConfigurationList section */
	};
	rootObject = 117222AE20248AED004718F5 /* Project object */;
}
